
Microsoft Visual Studio Solution File, Format Version 12.00
# Visual Studio Version 16
VisualStudioVersion = 16.0.29521.150
MinimumVisualStudioVersion = 10.0.40219.1
Project("{2150E333-8FDC-42A3-9474-1A3956D46DE8}") = "Backend", "Backend", "{A0111C47-4A43-4C2D-A7BC-6A6A3FF536E1}"
EndProject
Project("{2150E333-8FDC-42A3-9474-1A3956D46DE8}") = "FrontEnd", "FrontEnd", "{89601BB8-30AA-4591-9332-20EB76B1C5F4}"
EndProject
Project("{2150E333-8FDC-42A3-9474-1A3956D46DE8}") = "Utilities", "Utilities", "{6B15424B-85AE-44A7-BDB0-A964CC25188E}"
	ProjectSection(SolutionItems) = preProject
		Utilities\build-publish.sh = Utilities\build-publish.sh
	EndProjectSection
EndProject
Project("{2150E333-8FDC-42A3-9474-1A3956D46DE8}") = "Images", "Images", "{55F4C852-9760-41BA-844D-B3C0983A699D}"
	ProjectSection(SolutionItems) = preProject
		Images\FlowchartClientApp.png = Images\FlowchartClientApp.png
		Images\FlowchartFunctional.png = Images\FlowchartFunctional.png
		Images\FlowchartSystem.png = Images\FlowchartSystem.png
		Images\FlowchartWebApp.png = Images\FlowchartWebApp.png
		Images\GovmeetingEmail.png = Images\GovmeetingEmail.png
		Images\mr-t-mrt-36834265-320-254-24kb.png = Images\mr-t-mrt-36834265-320-254-24kb.png
		Images\Mr-T-mrt-36834265-320-254.png = Images\Mr-T-mrt-36834265-320-254.png
		Images\README.txt = Images\README.txt
	EndProjectSection
EndProject
Project("{2150E333-8FDC-42A3-9474-1A3956D46DE8}") = "Database", "Database", "{22F19757-4172-4C0A-8B4C-D5059022F7E4}"
EndProject
Project("{2150E333-8FDC-42A3-9474-1A3956D46DE8}") = "Oneline", "Oneline", "{0CBEFF1D-C0B1-453F-89C2-023983B4E721}"
EndProject
Project("{2150E333-8FDC-42A3-9474-1A3956D46DE8}") = "ProcessMeetings", "ProcessMeetings", "{C5D796A1-3CBE-49F5-BD47-3BB29027F878}"
EndProject
Project("{9A19103F-16F7-4668-BE54-9A1E7A4F7556}") = "DatabaseAccess_Lib", "BackEnd\Database\DatabaseAccess_Lib\DatabaseAccess_Lib.csproj", "{0D6AE633-E06A-45AB-869D-7CE0DD7E67BF}"
EndProject
Project("{9A19103F-16F7-4668-BE54-9A1E7A4F7556}") = "DatabaseAccess_Tests", "BackEnd\Database\DatabaseAccess_Tests\DatabaseAccess_Tests.csproj", "{B7570C4D-2491-444C-88CA-B7E78E2880C2}"
EndProject
Project("{9A19103F-16F7-4668-BE54-9A1E7A4F7556}") = "DatabaseModel_Lib", "BackEnd\Database\DatabaseModel_Lib\DatabaseModel_Lib.csproj", "{CBBFDC23-6097-49AB-8949-58E4C22CD05F}"
EndProject
Project("{9A19103F-16F7-4668-BE54-9A1E7A4F7556}") = "DatabaseRepositories_Lib", "BackEnd\Database\DatabaseRepositories_Lib\DatabaseRepositories_Lib.csproj", "{E105661A-ED98-48EF-9A7A-A1631B355324}"
EndProject
Project("{9A19103F-16F7-4668-BE54-9A1E7A4F7556}") = "LoadDatabase_Lib", "BackEnd\Database\LoadDatabase_Lib\LoadDatabase_Lib.csproj", "{7A028F7A-C333-4042-A196-D4D5C2A9D947}"
EndProject
Project("{9A19103F-16F7-4668-BE54-9A1E7A4F7556}") = "GetOnlineFiles_Lib", "BackEnd\Online\GetOnlineFiles_Lib\GetOnlineFiles_Lib.csproj", "{CAF6B826-7AFA-4217-A8D5-48618D3EAE53}"
EndProject
Project("{9A19103F-16F7-4668-BE54-9A1E7A4F7556}") = "GoogleCloud_Lib", "BackEnd\Online\GoogleCloud_Lib\GoogleCloud_Lib.csproj", "{B4B1C409-79A1-4EEC-9B9B-722AC2048886}"
EndProject
Project("{9A19103F-16F7-4668-BE54-9A1E7A4F7556}") = "OnlineAccess_Lib", "BackEnd\Online\OnlineAccess_Lib\OnlineAccess_Lib.csproj", "{4FDE049C-2F66-4388-B238-83D4ED86AD44}"
EndProject
Project("{9A19103F-16F7-4668-BE54-9A1E7A4F7556}") = "ViewModels_Lib", "BackEnd\ProcessMeetings\ViewModels_Lib\ViewModels_Lib.csproj", "{1127C865-3AA0-4BA6-B12F-CC9289F47219}"
EndProject
Project("{9A19103F-16F7-4668-BE54-9A1E7A4F7556}") = "FileDataRepositories_Lib", "BackEnd\ProcessMeetings\FileDataRepositories_Lib\FileDataRepositories_Lib.csproj", "{9862C055-6935-4513-94CF-C81CE7FEF25D}"
EndProject
Project("{9A19103F-16F7-4668-BE54-9A1E7A4F7556}") = "ProcessRecording_Lib", "BackEnd\ProcessMeetings\ProcessRecording_Lib\ProcessRecording_Lib.csproj", "{E157E2BD-AF03-4D41-8D43-52B3D6D10CC5}"
EndProject
Project("{9A19103F-16F7-4668-BE54-9A1E7A4F7556}") = "ProcessRecording_Tests", "BackEnd\ProcessMeetings\ProcessRecording_Tests\ProcessRecording_Tests.csproj", "{536C6D24-79F7-41A9-B7DD-363734BFB1D2}"
EndProject
Project("{9A19103F-16F7-4668-BE54-9A1E7A4F7556}") = "ProcessTranscript_Lib", "BackEnd\ProcessMeetings\ProcessTranscript_Lib\ProcessTranscript_Lib.csproj", "{3025B04A-F491-4734-8CD1-E107BCF113BE}"
EndProject
Project("{9A19103F-16F7-4668-BE54-9A1E7A4F7556}") = "KeepWebsiteAlive_App", "Utilities\KeepWebsiteAlive_App\KeepWebsiteAlive_App.csproj", "{450595A5-421D-47B6-BA5C-5F9EFB9F46DB}"
EndProject
Project("{9A19103F-16F7-4668-BE54-9A1E7A4F7556}") = "Configuration_Lib", "BackEnd\Configuration_Lib\Configuration_Lib.csproj", "{2E008A6B-E302-4D1C-AC12-A8616F24F2FC}"
EndProject
Project("{9A19103F-16F7-4668-BE54-9A1E7A4F7556}") = "WebApp", "BackEnd\WebApp\WebApp.csproj", "{2326AA87-FD84-4DC7-9ABF-27D5BACDEC8D}"
EndProject
Project("{9A19103F-16F7-4668-BE54-9A1E7A4F7556}") = "TranslateText", "Utilities\TranslateText\TranslateText.csproj", "{B6B21551-A7CD-46E7-8028-405B3BADCF2F}"
EndProject
Project("{2150E333-8FDC-42A3-9474-1A3956D46DE8}") = "PsScripts", "PsScripts", "{2CD25487-0540-4D79-8269-68AD36CE6CBE}"
	ProjectSection(SolutionItems) = preProject
		Utilities\PsScripts\Build-ClientApp.ps1 = Utilities\PsScripts\Build-ClientApp.ps1
		Utilities\PsScripts\Build-ProjectReadme.ps1 = Utilities\PsScripts\Build-ProjectReadme.ps1
		Utilities\PsScripts\BuildPublishAndDeploy.ps1 = Utilities\PsScripts\BuildPublishAndDeploy.ps1
		Utilities\PsScripts\Copy-ClientAssets.ps1 = Utilities\PsScripts\Copy-ClientAssets.ps1
		Utilities\PsScripts\Deploy-PublishFolder.ps1 = Utilities\PsScripts\Deploy-PublishFolder.ps1
		Utilities\PsScripts\Publish-WebApp.ps1 = Utilities\PsScripts\Publish-WebApp.ps1
		Utilities\PsScripts\Run-PublishedWebApp.ps1 = Utilities\PsScripts\Run-PublishedWebApp.ps1
		Utilities\PsScripts\Set-IsAspServerRunning.ps1 = Utilities\PsScripts\Set-IsAspServerRunning.ps1
	EndProjectSection
EndProject
Project("{E24C65DC-7377-472B-9ABA-BC803B73C61A}") = "ClientApp", "FrontEnd\ClientApp\", "{F49559D6-D6E7-43D9-8EB2-DE26496D5E63}"
	ProjectSection(WebsiteProperties) = preProject
		TargetFrameworkMoniker = ".NETFramework,Version%3Dv4.0"
		Debug.AspNetCompiler.VirtualPath = "/localhost_56698"
		Debug.AspNetCompiler.PhysicalPath = "FrontEnd\ClientApp\"
		Debug.AspNetCompiler.TargetPath = "PrecompiledWeb\localhost_56698\"
		Debug.AspNetCompiler.Updateable = "true"
		Debug.AspNetCompiler.ForceOverwrite = "true"
		Debug.AspNetCompiler.FixedNames = "false"
		Debug.AspNetCompiler.Debug = "True"
		Release.AspNetCompiler.VirtualPath = "/localhost_56698"
		Release.AspNetCompiler.PhysicalPath = "FrontEnd\ClientApp\"
		Release.AspNetCompiler.TargetPath = "PrecompiledWeb\localhost_56698\"
		Release.AspNetCompiler.Updateable = "true"
		Release.AspNetCompiler.ForceOverwrite = "true"
		Release.AspNetCompiler.FixedNames = "false"
		Release.AspNetCompiler.Debug = "False"
		VWDPort = "56698"
		SlnRelativePath = "FrontEnd\ClientApp\"
	EndProjectSection
EndProject
Project("{9A19103F-16F7-4668-BE54-9A1E7A4F7556}") = "Utilities_Lib", "BackEnd\Utilities_Lib\Utilities_Lib.csproj", "{474333BD-3E8B-4976-B15F-AA7A424B38AF}"
EndProject
Project("{9A19103F-16F7-4668-BE54-9A1E7A4F7556}") = "TestLibraryc", "BackEnd\TestLibrary\TestLibraryc.csproj", "{78256434-DD15-4C6B-94A1-181C12398D1E}"
EndProject
Project("{9A19103F-16F7-4668-BE54-9A1E7A4F7556}") = "WorkflowApp", "BackEnd\WorkflowApp\WorkflowApp.csproj", "{86B3DD69-E232-46BA-8EBD-5E981D4BAD5B}"
EndProject
Project("{9A19103F-16F7-4668-BE54-9A1E7A4F7556}") = "WorkflowApp2", "BackEnd\WorkflowApp2\WorkflowApp2.csproj", "{31AB66C5-BB82-4F5D-A050-07EEEBBD230A}"
EndProject
Global
	GlobalSection(SolutionConfigurationPlatforms) = preSolution
		Debug|Any CPU = Debug|Any CPU
		Release|Any CPU = Release|Any CPU
	EndGlobalSection
	GlobalSection(ProjectConfigurationPlatforms) = postSolution
		{0D6AE633-E06A-45AB-869D-7CE0DD7E67BF}.Debug|Any CPU.ActiveCfg = Debug|Any CPU
		{0D6AE633-E06A-45AB-869D-7CE0DD7E67BF}.Debug|Any CPU.Build.0 = Debug|Any CPU
		{0D6AE633-E06A-45AB-869D-7CE0DD7E67BF}.Release|Any CPU.ActiveCfg = Release|Any CPU
		{0D6AE633-E06A-45AB-869D-7CE0DD7E67BF}.Release|Any CPU.Build.0 = Release|Any CPU
		{B7570C4D-2491-444C-88CA-B7E78E2880C2}.Debug|Any CPU.ActiveCfg = Debug|Any CPU
		{B7570C4D-2491-444C-88CA-B7E78E2880C2}.Debug|Any CPU.Build.0 = Debug|Any CPU
		{B7570C4D-2491-444C-88CA-B7E78E2880C2}.Release|Any CPU.ActiveCfg = Release|Any CPU
		{B7570C4D-2491-444C-88CA-B7E78E2880C2}.Release|Any CPU.Build.0 = Release|Any CPU
		{CBBFDC23-6097-49AB-8949-58E4C22CD05F}.Debug|Any CPU.ActiveCfg = Debug|Any CPU
		{CBBFDC23-6097-49AB-8949-58E4C22CD05F}.Debug|Any CPU.Build.0 = Debug|Any CPU
		{CBBFDC23-6097-49AB-8949-58E4C22CD05F}.Release|Any CPU.ActiveCfg = Release|Any CPU
		{CBBFDC23-6097-49AB-8949-58E4C22CD05F}.Release|Any CPU.Build.0 = Release|Any CPU
		{E105661A-ED98-48EF-9A7A-A1631B355324}.Debug|Any CPU.ActiveCfg = Debug|Any CPU
		{E105661A-ED98-48EF-9A7A-A1631B355324}.Debug|Any CPU.Build.0 = Debug|Any CPU
		{E105661A-ED98-48EF-9A7A-A1631B355324}.Release|Any CPU.ActiveCfg = Release|Any CPU
		{E105661A-ED98-48EF-9A7A-A1631B355324}.Release|Any CPU.Build.0 = Release|Any CPU
		{7A028F7A-C333-4042-A196-D4D5C2A9D947}.Debug|Any CPU.ActiveCfg = Debug|Any CPU
		{7A028F7A-C333-4042-A196-D4D5C2A9D947}.Debug|Any CPU.Build.0 = Debug|Any CPU
		{7A028F7A-C333-4042-A196-D4D5C2A9D947}.Release|Any CPU.ActiveCfg = Release|Any CPU
		{7A028F7A-C333-4042-A196-D4D5C2A9D947}.Release|Any CPU.Build.0 = Release|Any CPU
		{CAF6B826-7AFA-4217-A8D5-48618D3EAE53}.Debug|Any CPU.ActiveCfg = Debug|Any CPU
		{CAF6B826-7AFA-4217-A8D5-48618D3EAE53}.Debug|Any CPU.Build.0 = Debug|Any CPU
		{CAF6B826-7AFA-4217-A8D5-48618D3EAE53}.Release|Any CPU.ActiveCfg = Release|Any CPU
		{CAF6B826-7AFA-4217-A8D5-48618D3EAE53}.Release|Any CPU.Build.0 = Release|Any CPU
		{B4B1C409-79A1-4EEC-9B9B-722AC2048886}.Debug|Any CPU.ActiveCfg = Debug|Any CPU
		{B4B1C409-79A1-4EEC-9B9B-722AC2048886}.Debug|Any CPU.Build.0 = Debug|Any CPU
		{B4B1C409-79A1-4EEC-9B9B-722AC2048886}.Release|Any CPU.ActiveCfg = Release|Any CPU
		{B4B1C409-79A1-4EEC-9B9B-722AC2048886}.Release|Any CPU.Build.0 = Release|Any CPU
		{4FDE049C-2F66-4388-B238-83D4ED86AD44}.Debug|Any CPU.ActiveCfg = Debug|Any CPU
		{4FDE049C-2F66-4388-B238-83D4ED86AD44}.Debug|Any CPU.Build.0 = Debug|Any CPU
		{4FDE049C-2F66-4388-B238-83D4ED86AD44}.Release|Any CPU.ActiveCfg = Release|Any CPU
		{4FDE049C-2F66-4388-B238-83D4ED86AD44}.Release|Any CPU.Build.0 = Release|Any CPU
		{1127C865-3AA0-4BA6-B12F-CC9289F47219}.Debug|Any CPU.ActiveCfg = Debug|Any CPU
		{1127C865-3AA0-4BA6-B12F-CC9289F47219}.Debug|Any CPU.Build.0 = Debug|Any CPU
		{1127C865-3AA0-4BA6-B12F-CC9289F47219}.Release|Any CPU.ActiveCfg = Release|Any CPU
		{1127C865-3AA0-4BA6-B12F-CC9289F47219}.Release|Any CPU.Build.0 = Release|Any CPU
		{9862C055-6935-4513-94CF-C81CE7FEF25D}.Debug|Any CPU.ActiveCfg = Debug|Any CPU
		{9862C055-6935-4513-94CF-C81CE7FEF25D}.Debug|Any CPU.Build.0 = Debug|Any CPU
		{9862C055-6935-4513-94CF-C81CE7FEF25D}.Release|Any CPU.ActiveCfg = Release|Any CPU
		{9862C055-6935-4513-94CF-C81CE7FEF25D}.Release|Any CPU.Build.0 = Release|Any CPU
		{E157E2BD-AF03-4D41-8D43-52B3D6D10CC5}.Debug|Any CPU.ActiveCfg = Debug|Any CPU
		{E157E2BD-AF03-4D41-8D43-52B3D6D10CC5}.Debug|Any CPU.Build.0 = Debug|Any CPU
		{E157E2BD-AF03-4D41-8D43-52B3D6D10CC5}.Release|Any CPU.ActiveCfg = Release|Any CPU
		{E157E2BD-AF03-4D41-8D43-52B3D6D10CC5}.Release|Any CPU.Build.0 = Release|Any CPU
		{536C6D24-79F7-41A9-B7DD-363734BFB1D2}.Debug|Any CPU.ActiveCfg = Debug|Any CPU
		{536C6D24-79F7-41A9-B7DD-363734BFB1D2}.Debug|Any CPU.Build.0 = Debug|Any CPU
		{536C6D24-79F7-41A9-B7DD-363734BFB1D2}.Release|Any CPU.ActiveCfg = Release|Any CPU
		{536C6D24-79F7-41A9-B7DD-363734BFB1D2}.Release|Any CPU.Build.0 = Release|Any CPU
		{3025B04A-F491-4734-8CD1-E107BCF113BE}.Debug|Any CPU.ActiveCfg = Debug|Any CPU
		{3025B04A-F491-4734-8CD1-E107BCF113BE}.Debug|Any CPU.Build.0 = Debug|Any CPU
		{3025B04A-F491-4734-8CD1-E107BCF113BE}.Release|Any CPU.ActiveCfg = Release|Any CPU
		{3025B04A-F491-4734-8CD1-E107BCF113BE}.Release|Any CPU.Build.0 = Release|Any CPU
		{450595A5-421D-47B6-BA5C-5F9EFB9F46DB}.Debug|Any CPU.ActiveCfg = Debug|Any CPU
		{450595A5-421D-47B6-BA5C-5F9EFB9F46DB}.Debug|Any CPU.Build.0 = Debug|Any CPU
		{450595A5-421D-47B6-BA5C-5F9EFB9F46DB}.Release|Any CPU.ActiveCfg = Release|Any CPU
		{450595A5-421D-47B6-BA5C-5F9EFB9F46DB}.Release|Any CPU.Build.0 = Release|Any CPU
		{2E008A6B-E302-4D1C-AC12-A8616F24F2FC}.Debug|Any CPU.ActiveCfg = Debug|Any CPU
		{2E008A6B-E302-4D1C-AC12-A8616F24F2FC}.Debug|Any CPU.Build.0 = Debug|Any CPU
		{2E008A6B-E302-4D1C-AC12-A8616F24F2FC}.Release|Any CPU.ActiveCfg = Release|Any CPU
		{2E008A6B-E302-4D1C-AC12-A8616F24F2FC}.Release|Any CPU.Build.0 = Release|Any CPU
		{2326AA87-FD84-4DC7-9ABF-27D5BACDEC8D}.Debug|Any CPU.ActiveCfg = Debug|Any CPU
		{2326AA87-FD84-4DC7-9ABF-27D5BACDEC8D}.Debug|Any CPU.Build.0 = Debug|Any CPU
		{2326AA87-FD84-4DC7-9ABF-27D5BACDEC8D}.Release|Any CPU.ActiveCfg = Release|Any CPU
		{2326AA87-FD84-4DC7-9ABF-27D5BACDEC8D}.Release|Any CPU.Build.0 = Release|Any CPU
		{B6B21551-A7CD-46E7-8028-405B3BADCF2F}.Debug|Any CPU.ActiveCfg = Debug|Any CPU
		{B6B21551-A7CD-46E7-8028-405B3BADCF2F}.Debug|Any CPU.Build.0 = Debug|Any CPU
		{B6B21551-A7CD-46E7-8028-405B3BADCF2F}.Release|Any CPU.ActiveCfg = Release|Any CPU
		{B6B21551-A7CD-46E7-8028-405B3BADCF2F}.Release|Any CPU.Build.0 = Release|Any CPU
		{F49559D6-D6E7-43D9-8EB2-DE26496D5E63}.Debug|Any CPU.ActiveCfg = Debug|Any CPU
		{F49559D6-D6E7-43D9-8EB2-DE26496D5E63}.Debug|Any CPU.Build.0 = Debug|Any CPU
		{F49559D6-D6E7-43D9-8EB2-DE26496D5E63}.Release|Any CPU.ActiveCfg = Debug|Any CPU
		{F49559D6-D6E7-43D9-8EB2-DE26496D5E63}.Release|Any CPU.Build.0 = Debug|Any CPU
		{474333BD-3E8B-4976-B15F-AA7A424B38AF}.Debug|Any CPU.ActiveCfg = Debug|Any CPU
		{474333BD-3E8B-4976-B15F-AA7A424B38AF}.Debug|Any CPU.Build.0 = Debug|Any CPU
		{474333BD-3E8B-4976-B15F-AA7A424B38AF}.Release|Any CPU.ActiveCfg = Release|Any CPU
		{474333BD-3E8B-4976-B15F-AA7A424B38AF}.Release|Any CPU.Build.0 = Release|Any CPU
		{78256434-DD15-4C6B-94A1-181C12398D1E}.Debug|Any CPU.ActiveCfg = Debug|Any CPU
		{78256434-DD15-4C6B-94A1-181C12398D1E}.Debug|Any CPU.Build.0 = Debug|Any CPU
		{78256434-DD15-4C6B-94A1-181C12398D1E}.Release|Any CPU.ActiveCfg = Release|Any CPU
		{78256434-DD15-4C6B-94A1-181C12398D1E}.Release|Any CPU.Build.0 = Release|Any CPU
		{86B3DD69-E232-46BA-8EBD-5E981D4BAD5B}.Debug|Any CPU.ActiveCfg = Debug|Any CPU
		{86B3DD69-E232-46BA-8EBD-5E981D4BAD5B}.Debug|Any CPU.Build.0 = Debug|Any CPU
		{86B3DD69-E232-46BA-8EBD-5E981D4BAD5B}.Release|Any CPU.ActiveCfg = Release|Any CPU
		{86B3DD69-E232-46BA-8EBD-5E981D4BAD5B}.Release|Any CPU.Build.0 = Release|Any CPU
		{31AB66C5-BB82-4F5D-A050-07EEEBBD230A}.Debug|Any CPU.ActiveCfg = Debug|Any CPU
		{31AB66C5-BB82-4F5D-A050-07EEEBBD230A}.Debug|Any CPU.Build.0 = Debug|Any CPU
		{31AB66C5-BB82-4F5D-A050-07EEEBBD230A}.Release|Any CPU.ActiveCfg = Release|Any CPU
		{31AB66C5-BB82-4F5D-A050-07EEEBBD230A}.Release|Any CPU.Build.0 = Release|Any CPU
	EndGlobalSection
	GlobalSection(SolutionProperties) = preSolution
		HideSolutionNode = FALSE
	EndGlobalSection
	GlobalSection(NestedProjects) = preSolution
		{22F19757-4172-4C0A-8B4C-D5059022F7E4} = {A0111C47-4A43-4C2D-A7BC-6A6A3FF536E1}
		{0CBEFF1D-C0B1-453F-89C2-023983B4E721} = {A0111C47-4A43-4C2D-A7BC-6A6A3FF536E1}
		{C5D796A1-3CBE-49F5-BD47-3BB29027F878} = {A0111C47-4A43-4C2D-A7BC-6A6A3FF536E1}
		{0D6AE633-E06A-45AB-869D-7CE0DD7E67BF} = {22F19757-4172-4C0A-8B4C-D5059022F7E4}
		{B7570C4D-2491-444C-88CA-B7E78E2880C2} = {22F19757-4172-4C0A-8B4C-D5059022F7E4}
		{CBBFDC23-6097-49AB-8949-58E4C22CD05F} = {22F19757-4172-4C0A-8B4C-D5059022F7E4}
		{E105661A-ED98-48EF-9A7A-A1631B355324} = {22F19757-4172-4C0A-8B4C-D5059022F7E4}
		{7A028F7A-C333-4042-A196-D4D5C2A9D947} = {22F19757-4172-4C0A-8B4C-D5059022F7E4}
		{CAF6B826-7AFA-4217-A8D5-48618D3EAE53} = {0CBEFF1D-C0B1-453F-89C2-023983B4E721}
		{B4B1C409-79A1-4EEC-9B9B-722AC2048886} = {0CBEFF1D-C0B1-453F-89C2-023983B4E721}
		{4FDE049C-2F66-4388-B238-83D4ED86AD44} = {0CBEFF1D-C0B1-453F-89C2-023983B4E721}
		{1127C865-3AA0-4BA6-B12F-CC9289F47219} = {C5D796A1-3CBE-49F5-BD47-3BB29027F878}
		{9862C055-6935-4513-94CF-C81CE7FEF25D} = {C5D796A1-3CBE-49F5-BD47-3BB29027F878}
		{E157E2BD-AF03-4D41-8D43-52B3D6D10CC5} = {C5D796A1-3CBE-49F5-BD47-3BB29027F878}
		{536C6D24-79F7-41A9-B7DD-363734BFB1D2} = {C5D796A1-3CBE-49F5-BD47-3BB29027F878}
		{3025B04A-F491-4734-8CD1-E107BCF113BE} = {C5D796A1-3CBE-49F5-BD47-3BB29027F878}
		{450595A5-421D-47B6-BA5C-5F9EFB9F46DB} = {6B15424B-85AE-44A7-BDB0-A964CC25188E}
		{2E008A6B-E302-4D1C-AC12-A8616F24F2FC} = {A0111C47-4A43-4C2D-A7BC-6A6A3FF536E1}
		{2326AA87-FD84-4DC7-9ABF-27D5BACDEC8D} = {A0111C47-4A43-4C2D-A7BC-6A6A3FF536E1}
		{B6B21551-A7CD-46E7-8028-405B3BADCF2F} = {6B15424B-85AE-44A7-BDB0-A964CC25188E}
		{2CD25487-0540-4D79-8269-68AD36CE6CBE} = {6B15424B-85AE-44A7-BDB0-A964CC25188E}
		{F49559D6-D6E7-43D9-8EB2-DE26496D5E63} = {89601BB8-30AA-4591-9332-20EB76B1C5F4}
		{474333BD-3E8B-4976-B15F-AA7A424B38AF} = {A0111C47-4A43-4C2D-A7BC-6A6A3FF536E1}
		{78256434-DD15-4C6B-94A1-181C12398D1E} = {A0111C47-4A43-4C2D-A7BC-6A6A3FF536E1}
		{86B3DD69-E232-46BA-8EBD-5E981D4BAD5B} = {A0111C47-4A43-4C2D-A7BC-6A6A3FF536E1}
		{31AB66C5-BB82-4F5D-A050-07EEEBBD230A} = {A0111C47-4A43-4C2D-A7BC-6A6A3FF536E1}
	EndGlobalSection
	GlobalSection(ExtensibilityGlobals) = postSolution
		SolutionGuid = {577CF991-85C7-44E5-A640-AE87641C3A8D}
	EndGlobalSection
EndGlobal
