
Microsoft Visual Studio Solution File, Format Version 12.00
# Visual Studio Version 16
VisualStudioVersion = 16.0.30615.102
MinimumVisualStudioVersion = 10.0.40219.1
Project("{2150E333-8FDC-42A3-9474-1A3956D46DE8}") = "src", "src", "{763DEE46-3515-425C-8599-FBC5234F333E}"
EndProject
Project("{2150E333-8FDC-42A3-9474-1A3956D46DE8}") = "tests", "tests", "{605EA6F9-19D6-43BA-BC7C-DDF255D295D8}"
EndProject
Project("{2150E333-8FDC-42A3-9474-1A3956D46DE8}") = "Application", "Application", "{166D3293-858D-4DDA-8E2E-D40866969AC9}"
EndProject
Project("{9A19103F-16F7-4668-BE54-9A1E7A4F7556}") = "Configuration_Lib", "src\Application\Configuration_Lib\Configuration_Lib.csproj", "{3E3A57CA-F58A-40A3-A3C6-D8006D289EA6}"
EndProject
Project("{9A19103F-16F7-4668-BE54-9A1E7A4F7556}") = "EditTranscript_Lib", "src\Application\EditTranscript_Lib\EditTranscript_Lib.csproj", "{4D24D399-BEE4-448F-A696-3A154BA45AE7}"
EndProject
Project("{9A19103F-16F7-4668-BE54-9A1E7A4F7556}") = "ProcessRecording_Lib", "src\Application\ProcessRecording_Lib\ProcessRecording_Lib.csproj", "{02F4894D-30AC-4328-B465-658E06403733}"
EndProject
Project("{9A19103F-16F7-4668-BE54-9A1E7A4F7556}") = "ProcessTranscript_Lib", "src\Application\ProcessTranscript_Lib\ProcessTranscript_Lib.csproj", "{E06F7A82-D648-41E0-842F-C4C2DF932158}"
EndProject
Project("{2150E333-8FDC-42A3-9474-1A3956D46DE8}") = "Infrastructure", "Infrastructure", "{BADA351D-EF99-4B70-8D72-754554262FEB}"
EndProject
Project("{2150E333-8FDC-42A3-9474-1A3956D46DE8}") = "WebUI", "WebUI", "{A26AF765-5899-45A7-97D0-F8C989FE4A8F}"
EndProject
Project("{2150E333-8FDC-42A3-9474-1A3956D46DE8}") = "Workflow", "Workflow", "{73BAD179-F00E-4497-BB52-C374F94B9D8B}"
EndProject
Project("{9A19103F-16F7-4668-BE54-9A1E7A4F7556}") = "FileDataRepositories_Lib", "src\Infrastructure\FileDataRepositories_Lib\FileDataRepositories_Lib.csproj", "{AC7308E9-E886-4F33-86F0-CF86B30320D5}"
EndProject
Project("{9A19103F-16F7-4668-BE54-9A1E7A4F7556}") = "GetOnlineFiles_Lib", "src\Infrastructure\GetOnlineFiles_Lib\GetOnlineFiles_Lib.csproj", "{EFBB0BC8-74B7-492D-9543-D759DE2E32F3}"
EndProject
Project("{9A19103F-16F7-4668-BE54-9A1E7A4F7556}") = "GoogleCloud_Lib", "src\Infrastructure\GoogleCloud_Lib\GoogleCloud_Lib.csproj", "{970CECAD-433B-4B03-B0E1-04ED22720348}"
EndProject
Project("{9A19103F-16F7-4668-BE54-9A1E7A4F7556}") = "OnlineAccess_Lib", "src\Infrastructure\OnlineAccess_Lib\OnlineAccess_Lib.csproj", "{6AFDC9E6-4404-4ABA-856B-3E8E0C5D8E9F}"
EndProject
Project("{9A19103F-16F7-4668-BE54-9A1E7A4F7556}") = "Utilities_Lib", "src\Infrastructure\Utilities_Lib\Utilities_Lib.csproj", "{5D4A1CB5-37F8-4E6E-A5AA-AB84570536EA}"
EndProject
Project("{9A19103F-16F7-4668-BE54-9A1E7A4F7556}") = "WorkflowApp", "src\Workflow\WorkflowApp\WorkflowApp.csproj", "{B2CB8BB3-273C-46C3-967E-0842A7D54241}"
EndProject
Project("{9A19103F-16F7-4668-BE54-9A1E7A4F7556}") = "ProcessRecording_Tests", "tests\ProcessRecording_Tests\ProcessRecording_Tests.csproj", "{67B7686A-7C90-4060-BEDB-D83CB61682C6}"
EndProject
Project("{9A19103F-16F7-4668-BE54-9A1E7A4F7556}") = "WorkflowApp_Tests", "tests\WorkflowApp_Tests\WorkflowApp_Tests.csproj", "{6AABDAD6-D0A7-41DE-9854-936D4B5AA4AE}"
EndProject
Project("{2150E333-8FDC-42A3-9474-1A3956D46DE8}") = "Utilities", "Utilities", "{907914CC-D84D-4F11-8DB6-7CAD049305F5}"
EndProject
Project("{2150E333-8FDC-42A3-9474-1A3956D46DE8}") = "BashScripts", "BashScripts", "{51125837-75B8-4F39-BB74-1C89AAE2D753}"
	ProjectSection(SolutionItems) = preProject
		utilities\BashScripts\git-show-big-files.sh = utilities\BashScripts\git-show-big-files.sh
	EndProjectSection
EndProject
Project("{2150E333-8FDC-42A3-9474-1A3956D46DE8}") = "PsScripts", "PsScripts", "{3FBD0C18-A610-42C9-856F-22210FAA0E2B}"
	ProjectSection(SolutionItems) = preProject
		AnalyzeSolutionFile.ps1 = AnalyzeSolutionFile.ps1
		utilities\PsScripts\Build-ClientApp.ps1 = utilities\PsScripts\Build-ClientApp.ps1
		utilities\PsScripts\Build-ProjectReadme.ps1 = utilities\PsScripts\Build-ProjectReadme.ps1
		utilities\PsScripts\Build-Solution.ps1 = utilities\PsScripts\Build-Solution.ps1
		utilities\PsScripts\BuildPublishAndDeploy.ps1 = utilities\PsScripts\BuildPublishAndDeploy.ps1
		utilities\PsScripts\Copy-ClientAssets.ps1 = utilities\PsScripts\Copy-ClientAssets.ps1
		utilities\PsScripts\Deploy-PublishFolder.ps1 = utilities\PsScripts\Deploy-PublishFolder.ps1
		utilities\PsScripts\Publish-WebApp.ps1 = utilities\PsScripts\Publish-WebApp.ps1
		utilities\PsScripts\Run-PublishedWebApp.ps1 = utilities\PsScripts\Run-PublishedWebApp.ps1
		utilities\PsScripts\Set-IsAspServerRunning.ps1 = utilities\PsScripts\Set-IsAspServerRunning.ps1
	EndProjectSection
EndProject
Project("{2150E333-8FDC-42A3-9474-1A3956D46DE8}") = ".github", ".github", "{BFDC1AE6-F1DD-46F3-86BE-69E3B3FE24E6}"
EndProject
Project("{2150E333-8FDC-42A3-9474-1A3956D46DE8}") = "workflows", "workflows", "{0E8A0260-E530-441E-9B17-2D7D31E47CD6}"
	ProjectSection(SolutionItems) = preProject
		.github\workflows\backend-build.yaml = .github\workflows\backend-build.yaml
		.github\workflows\frontend-build.yaml = .github\workflows\frontend-build.yaml
	EndProjectSection
EndProject
Project("{9A19103F-16F7-4668-BE54-9A1E7A4F7556}") = "WebApp", "src\WebUI\WebApp\WebApp.csproj", "{62C8C1BB-EF47-4EA1-84B3-36047C64747D}"
EndProject
Project("{9A19103F-16F7-4668-BE54-9A1E7A4F7556}") = "DevelopRetrieval", "Utilities\DevelopRetrieval\DevelopRetrieval.csproj", "{B35E177D-14AB-4BF3-8C12-0664CBC2F90D}"
EndProject
Project("{9A19103F-16F7-4668-BE54-9A1E7A4F7556}") = "DevelopLoadDatabase", "Utilities\DevelopLoadDatabase\DevelopLoadDatabase.csproj", "{4EDE3686-39B8-4102-9D03-96C24FDD7731}"
EndProject
Project("{9A19103F-16F7-4668-BE54-9A1E7A4F7556}") = "DevelopTranscription", "Utilities\DevelopTranscription\DevelopTranscription.csproj", "{BE7155DC-670B-4A62-9398-FFB2BF2E8BCD}"
EndProject
Project("{9A19103F-16F7-4668-BE54-9A1E7A4F7556}") = "FakeData", "Utilities\FakeData\FakeData.csproj", "{0FE2CDE7-67F7-4B37-92BB-FA5E1DB67B76}"
EndProject
Project("{9A19103F-16F7-4668-BE54-9A1E7A4F7556}") = "TranslateText", "Utilities\TranslateText\TranslateText.csproj", "{60BB64ED-0BB1-4699-B6E4-B95E05864604}"
EndProject
Project("{9A19103F-16F7-4668-BE54-9A1E7A4F7556}") = "KeepWebsiteAlive", "Utilities\KeepWebsiteAlive\KeepWebsiteAlive.csproj", "{EB2D09ED-9483-4FBE-BE9F-EFD86CE65651}"
EndProject
Project("{9A19103F-16F7-4668-BE54-9A1E7A4F7556}") = "UnitTests", "tests\UnitTests\UnitTests.csproj", "{ABE89AEA-30DF-4573-86C0-228B12FBACA8}"
EndProject
Project("{9A19103F-16F7-4668-BE54-9A1E7A4F7556}") = "InfrastructureCore_Lib", "src\Infrastructure\InfrastructureCore_Lib\InfrastructureCore_Lib.csproj", "{923444EF-8B57-4679-81F1-79A92A71BBA1}"
EndProject
Project("{2150E333-8FDC-42A3-9474-1A3956D46DE8}") = "solution_items", "solution_items", "{99C9A472-ED3F-43D7-965C-C4AB80D65251}"
	ProjectSection(SolutionItems) = preProject
		.gitattributes = .gitattributes
		.gitignore = .gitignore
		.npmrc = .npmrc
		appsettings.development.json = appsettings.development.json
		global.json = global.json
		LICENSE = LICENSE
		NOTES.txt = NOTES.txt
		package.json = package.json
		README.md = README.md
	EndProjectSection
EndProject
Project("{2150E333-8FDC-42A3-9474-1A3956D46DE8}") = "tmp", "tmp", "{D9DFD401-C9CE-4F56-9E63-FC30B96E8F40}"
	ProjectSection(SolutionItems) = preProject
		Utilities\PsScripts\tmp\Move-Docs.ps1 = Utilities\PsScripts\tmp\Move-Docs.ps1
		Utilities\PsScripts\tmp\Rename-SpecFiles.ps1 = Utilities\PsScripts\tmp\Rename-SpecFiles.ps1
		Utilities\PsScripts\tmp\SolutionSummary-UniquePackages.txt = Utilities\PsScripts\tmp\SolutionSummary-UniquePackages.txt
		Utilities\PsScripts\tmp\SolutionSummary.txt = Utilities\PsScripts\tmp\SolutionSummary.txt
	EndProjectSection
EndProject
Project("{9A19103F-16F7-4668-BE54-9A1E7A4F7556}") = "ApplicationCore_Lib", "src\Application\ApplicationCore_Lib\ApplicationCore_Lib.csproj", "{FAF4EA74-DB43-4B0D-9117-274964CB04FA}"
EndProject
Project("{FAE04EC0-301F-11D3-BF4B-00C04F79EFBC}") = "DataTransferObjects", "src\Application\DataTransferObjects\DataTransferObjects.csproj", "{142E029C-64EA-4972-957E-89A9F378CC79}"
EndProject
Global
	GlobalSection(SolutionConfigurationPlatforms) = preSolution
		Debug|Any CPU = Debug|Any CPU
		Release|Any CPU = Release|Any CPU
	EndGlobalSection
	GlobalSection(ProjectConfigurationPlatforms) = postSolution
		{3E3A57CA-F58A-40A3-A3C6-D8006D289EA6}.Debug|Any CPU.ActiveCfg = Debug|Any CPU
		{3E3A57CA-F58A-40A3-A3C6-D8006D289EA6}.Debug|Any CPU.Build.0 = Debug|Any CPU
		{3E3A57CA-F58A-40A3-A3C6-D8006D289EA6}.Release|Any CPU.ActiveCfg = Release|Any CPU
		{3E3A57CA-F58A-40A3-A3C6-D8006D289EA6}.Release|Any CPU.Build.0 = Release|Any CPU
		{4D24D399-BEE4-448F-A696-3A154BA45AE7}.Debug|Any CPU.ActiveCfg = Debug|Any CPU
		{4D24D399-BEE4-448F-A696-3A154BA45AE7}.Debug|Any CPU.Build.0 = Debug|Any CPU
		{4D24D399-BEE4-448F-A696-3A154BA45AE7}.Release|Any CPU.ActiveCfg = Release|Any CPU
		{4D24D399-BEE4-448F-A696-3A154BA45AE7}.Release|Any CPU.Build.0 = Release|Any CPU
		{02F4894D-30AC-4328-B465-658E06403733}.Debug|Any CPU.ActiveCfg = Debug|Any CPU
		{02F4894D-30AC-4328-B465-658E06403733}.Debug|Any CPU.Build.0 = Debug|Any CPU
		{02F4894D-30AC-4328-B465-658E06403733}.Release|Any CPU.ActiveCfg = Release|Any CPU
		{02F4894D-30AC-4328-B465-658E06403733}.Release|Any CPU.Build.0 = Release|Any CPU
		{E06F7A82-D648-41E0-842F-C4C2DF932158}.Debug|Any CPU.ActiveCfg = Debug|Any CPU
		{E06F7A82-D648-41E0-842F-C4C2DF932158}.Debug|Any CPU.Build.0 = Debug|Any CPU
		{E06F7A82-D648-41E0-842F-C4C2DF932158}.Release|Any CPU.ActiveCfg = Release|Any CPU
		{E06F7A82-D648-41E0-842F-C4C2DF932158}.Release|Any CPU.Build.0 = Release|Any CPU
		{AC7308E9-E886-4F33-86F0-CF86B30320D5}.Debug|Any CPU.ActiveCfg = Debug|Any CPU
		{AC7308E9-E886-4F33-86F0-CF86B30320D5}.Debug|Any CPU.Build.0 = Debug|Any CPU
		{AC7308E9-E886-4F33-86F0-CF86B30320D5}.Release|Any CPU.ActiveCfg = Release|Any CPU
		{AC7308E9-E886-4F33-86F0-CF86B30320D5}.Release|Any CPU.Build.0 = Release|Any CPU
		{EFBB0BC8-74B7-492D-9543-D759DE2E32F3}.Debug|Any CPU.ActiveCfg = Debug|Any CPU
		{EFBB0BC8-74B7-492D-9543-D759DE2E32F3}.Debug|Any CPU.Build.0 = Debug|Any CPU
		{EFBB0BC8-74B7-492D-9543-D759DE2E32F3}.Release|Any CPU.ActiveCfg = Release|Any CPU
		{EFBB0BC8-74B7-492D-9543-D759DE2E32F3}.Release|Any CPU.Build.0 = Release|Any CPU
		{970CECAD-433B-4B03-B0E1-04ED22720348}.Debug|Any CPU.ActiveCfg = Debug|Any CPU
		{970CECAD-433B-4B03-B0E1-04ED22720348}.Debug|Any CPU.Build.0 = Debug|Any CPU
		{970CECAD-433B-4B03-B0E1-04ED22720348}.Release|Any CPU.ActiveCfg = Release|Any CPU
		{970CECAD-433B-4B03-B0E1-04ED22720348}.Release|Any CPU.Build.0 = Release|Any CPU
		{6AFDC9E6-4404-4ABA-856B-3E8E0C5D8E9F}.Debug|Any CPU.ActiveCfg = Debug|Any CPU
		{6AFDC9E6-4404-4ABA-856B-3E8E0C5D8E9F}.Debug|Any CPU.Build.0 = Debug|Any CPU
		{6AFDC9E6-4404-4ABA-856B-3E8E0C5D8E9F}.Release|Any CPU.ActiveCfg = Release|Any CPU
		{6AFDC9E6-4404-4ABA-856B-3E8E0C5D8E9F}.Release|Any CPU.Build.0 = Release|Any CPU
		{5D4A1CB5-37F8-4E6E-A5AA-AB84570536EA}.Debug|Any CPU.ActiveCfg = Debug|Any CPU
		{5D4A1CB5-37F8-4E6E-A5AA-AB84570536EA}.Debug|Any CPU.Build.0 = Debug|Any CPU
		{5D4A1CB5-37F8-4E6E-A5AA-AB84570536EA}.Release|Any CPU.ActiveCfg = Release|Any CPU
		{5D4A1CB5-37F8-4E6E-A5AA-AB84570536EA}.Release|Any CPU.Build.0 = Release|Any CPU
		{B2CB8BB3-273C-46C3-967E-0842A7D54241}.Debug|Any CPU.ActiveCfg = Debug|Any CPU
		{B2CB8BB3-273C-46C3-967E-0842A7D54241}.Debug|Any CPU.Build.0 = Debug|Any CPU
		{B2CB8BB3-273C-46C3-967E-0842A7D54241}.Release|Any CPU.ActiveCfg = Release|Any CPU
		{B2CB8BB3-273C-46C3-967E-0842A7D54241}.Release|Any CPU.Build.0 = Release|Any CPU
		{67B7686A-7C90-4060-BEDB-D83CB61682C6}.Debug|Any CPU.ActiveCfg = Debug|Any CPU
		{67B7686A-7C90-4060-BEDB-D83CB61682C6}.Debug|Any CPU.Build.0 = Debug|Any CPU
		{67B7686A-7C90-4060-BEDB-D83CB61682C6}.Release|Any CPU.ActiveCfg = Release|Any CPU
		{67B7686A-7C90-4060-BEDB-D83CB61682C6}.Release|Any CPU.Build.0 = Release|Any CPU
		{6AABDAD6-D0A7-41DE-9854-936D4B5AA4AE}.Debug|Any CPU.ActiveCfg = Debug|Any CPU
		{6AABDAD6-D0A7-41DE-9854-936D4B5AA4AE}.Debug|Any CPU.Build.0 = Debug|Any CPU
		{6AABDAD6-D0A7-41DE-9854-936D4B5AA4AE}.Release|Any CPU.ActiveCfg = Release|Any CPU
		{6AABDAD6-D0A7-41DE-9854-936D4B5AA4AE}.Release|Any CPU.Build.0 = Release|Any CPU
		{62C8C1BB-EF47-4EA1-84B3-36047C64747D}.Debug|Any CPU.ActiveCfg = Debug|Any CPU
		{62C8C1BB-EF47-4EA1-84B3-36047C64747D}.Debug|Any CPU.Build.0 = Debug|Any CPU
		{62C8C1BB-EF47-4EA1-84B3-36047C64747D}.Release|Any CPU.ActiveCfg = Release|Any CPU
		{62C8C1BB-EF47-4EA1-84B3-36047C64747D}.Release|Any CPU.Build.0 = Release|Any CPU
		{B35E177D-14AB-4BF3-8C12-0664CBC2F90D}.Debug|Any CPU.ActiveCfg = Debug|Any CPU
		{B35E177D-14AB-4BF3-8C12-0664CBC2F90D}.Debug|Any CPU.Build.0 = Debug|Any CPU
		{B35E177D-14AB-4BF3-8C12-0664CBC2F90D}.Release|Any CPU.ActiveCfg = Release|Any CPU
		{B35E177D-14AB-4BF3-8C12-0664CBC2F90D}.Release|Any CPU.Build.0 = Release|Any CPU
		{4EDE3686-39B8-4102-9D03-96C24FDD7731}.Debug|Any CPU.ActiveCfg = Debug|Any CPU
		{4EDE3686-39B8-4102-9D03-96C24FDD7731}.Debug|Any CPU.Build.0 = Debug|Any CPU
		{4EDE3686-39B8-4102-9D03-96C24FDD7731}.Release|Any CPU.ActiveCfg = Release|Any CPU
		{4EDE3686-39B8-4102-9D03-96C24FDD7731}.Release|Any CPU.Build.0 = Release|Any CPU
		{BE7155DC-670B-4A62-9398-FFB2BF2E8BCD}.Debug|Any CPU.ActiveCfg = Debug|Any CPU
		{BE7155DC-670B-4A62-9398-FFB2BF2E8BCD}.Debug|Any CPU.Build.0 = Debug|Any CPU
		{BE7155DC-670B-4A62-9398-FFB2BF2E8BCD}.Release|Any CPU.ActiveCfg = Release|Any CPU
		{BE7155DC-670B-4A62-9398-FFB2BF2E8BCD}.Release|Any CPU.Build.0 = Release|Any CPU
		{0FE2CDE7-67F7-4B37-92BB-FA5E1DB67B76}.Debug|Any CPU.ActiveCfg = Debug|Any CPU
		{0FE2CDE7-67F7-4B37-92BB-FA5E1DB67B76}.Debug|Any CPU.Build.0 = Debug|Any CPU
		{0FE2CDE7-67F7-4B37-92BB-FA5E1DB67B76}.Release|Any CPU.ActiveCfg = Release|Any CPU
		{0FE2CDE7-67F7-4B37-92BB-FA5E1DB67B76}.Release|Any CPU.Build.0 = Release|Any CPU
		{60BB64ED-0BB1-4699-B6E4-B95E05864604}.Debug|Any CPU.ActiveCfg = Debug|Any CPU
		{60BB64ED-0BB1-4699-B6E4-B95E05864604}.Debug|Any CPU.Build.0 = Debug|Any CPU
		{60BB64ED-0BB1-4699-B6E4-B95E05864604}.Release|Any CPU.ActiveCfg = Release|Any CPU
		{60BB64ED-0BB1-4699-B6E4-B95E05864604}.Release|Any CPU.Build.0 = Release|Any CPU
		{EB2D09ED-9483-4FBE-BE9F-EFD86CE65651}.Debug|Any CPU.ActiveCfg = Debug|Any CPU
		{EB2D09ED-9483-4FBE-BE9F-EFD86CE65651}.Debug|Any CPU.Build.0 = Debug|Any CPU
		{EB2D09ED-9483-4FBE-BE9F-EFD86CE65651}.Release|Any CPU.ActiveCfg = Release|Any CPU
		{EB2D09ED-9483-4FBE-BE9F-EFD86CE65651}.Release|Any CPU.Build.0 = Release|Any CPU
		{ABE89AEA-30DF-4573-86C0-228B12FBACA8}.Debug|Any CPU.ActiveCfg = Debug|Any CPU
		{ABE89AEA-30DF-4573-86C0-228B12FBACA8}.Debug|Any CPU.Build.0 = Debug|Any CPU
		{ABE89AEA-30DF-4573-86C0-228B12FBACA8}.Release|Any CPU.ActiveCfg = Release|Any CPU
		{ABE89AEA-30DF-4573-86C0-228B12FBACA8}.Release|Any CPU.Build.0 = Release|Any CPU
		{923444EF-8B57-4679-81F1-79A92A71BBA1}.Debug|Any CPU.ActiveCfg = Debug|Any CPU
		{923444EF-8B57-4679-81F1-79A92A71BBA1}.Debug|Any CPU.Build.0 = Debug|Any CPU
		{923444EF-8B57-4679-81F1-79A92A71BBA1}.Release|Any CPU.ActiveCfg = Release|Any CPU
		{923444EF-8B57-4679-81F1-79A92A71BBA1}.Release|Any CPU.Build.0 = Release|Any CPU
		{FAF4EA74-DB43-4B0D-9117-274964CB04FA}.Debug|Any CPU.ActiveCfg = Debug|Any CPU
		{FAF4EA74-DB43-4B0D-9117-274964CB04FA}.Debug|Any CPU.Build.0 = Debug|Any CPU
		{FAF4EA74-DB43-4B0D-9117-274964CB04FA}.Release|Any CPU.ActiveCfg = Release|Any CPU
		{FAF4EA74-DB43-4B0D-9117-274964CB04FA}.Release|Any CPU.Build.0 = Release|Any CPU
		{142E029C-64EA-4972-957E-89A9F378CC79}.Debug|Any CPU.ActiveCfg = Debug|Any CPU
		{142E029C-64EA-4972-957E-89A9F378CC79}.Debug|Any CPU.Build.0 = Debug|Any CPU
		{142E029C-64EA-4972-957E-89A9F378CC79}.Release|Any CPU.ActiveCfg = Release|Any CPU
		{142E029C-64EA-4972-957E-89A9F378CC79}.Release|Any CPU.Build.0 = Release|Any CPU
	EndGlobalSection
	GlobalSection(SolutionProperties) = preSolution
		HideSolutionNode = FALSE
	EndGlobalSection
	GlobalSection(NestedProjects) = preSolution
		{166D3293-858D-4DDA-8E2E-D40866969AC9} = {763DEE46-3515-425C-8599-FBC5234F333E}
		{3E3A57CA-F58A-40A3-A3C6-D8006D289EA6} = {166D3293-858D-4DDA-8E2E-D40866969AC9}
		{4D24D399-BEE4-448F-A696-3A154BA45AE7} = {166D3293-858D-4DDA-8E2E-D40866969AC9}
		{02F4894D-30AC-4328-B465-658E06403733} = {166D3293-858D-4DDA-8E2E-D40866969AC9}
		{E06F7A82-D648-41E0-842F-C4C2DF932158} = {166D3293-858D-4DDA-8E2E-D40866969AC9}
		{BADA351D-EF99-4B70-8D72-754554262FEB} = {763DEE46-3515-425C-8599-FBC5234F333E}
		{A26AF765-5899-45A7-97D0-F8C989FE4A8F} = {763DEE46-3515-425C-8599-FBC5234F333E}
		{73BAD179-F00E-4497-BB52-C374F94B9D8B} = {763DEE46-3515-425C-8599-FBC5234F333E}
		{AC7308E9-E886-4F33-86F0-CF86B30320D5} = {BADA351D-EF99-4B70-8D72-754554262FEB}
		{EFBB0BC8-74B7-492D-9543-D759DE2E32F3} = {BADA351D-EF99-4B70-8D72-754554262FEB}
		{970CECAD-433B-4B03-B0E1-04ED22720348} = {BADA351D-EF99-4B70-8D72-754554262FEB}
		{6AFDC9E6-4404-4ABA-856B-3E8E0C5D8E9F} = {BADA351D-EF99-4B70-8D72-754554262FEB}
		{5D4A1CB5-37F8-4E6E-A5AA-AB84570536EA} = {BADA351D-EF99-4B70-8D72-754554262FEB}
		{B2CB8BB3-273C-46C3-967E-0842A7D54241} = {73BAD179-F00E-4497-BB52-C374F94B9D8B}
		{67B7686A-7C90-4060-BEDB-D83CB61682C6} = {605EA6F9-19D6-43BA-BC7C-DDF255D295D8}
		{6AABDAD6-D0A7-41DE-9854-936D4B5AA4AE} = {605EA6F9-19D6-43BA-BC7C-DDF255D295D8}
		{51125837-75B8-4F39-BB74-1C89AAE2D753} = {907914CC-D84D-4F11-8DB6-7CAD049305F5}
		{3FBD0C18-A610-42C9-856F-22210FAA0E2B} = {907914CC-D84D-4F11-8DB6-7CAD049305F5}
		{0E8A0260-E530-441E-9B17-2D7D31E47CD6} = {BFDC1AE6-F1DD-46F3-86BE-69E3B3FE24E6}
		{62C8C1BB-EF47-4EA1-84B3-36047C64747D} = {A26AF765-5899-45A7-97D0-F8C989FE4A8F}
		{B35E177D-14AB-4BF3-8C12-0664CBC2F90D} = {907914CC-D84D-4F11-8DB6-7CAD049305F5}
		{4EDE3686-39B8-4102-9D03-96C24FDD7731} = {907914CC-D84D-4F11-8DB6-7CAD049305F5}
		{BE7155DC-670B-4A62-9398-FFB2BF2E8BCD} = {907914CC-D84D-4F11-8DB6-7CAD049305F5}
		{0FE2CDE7-67F7-4B37-92BB-FA5E1DB67B76} = {907914CC-D84D-4F11-8DB6-7CAD049305F5}
		{60BB64ED-0BB1-4699-B6E4-B95E05864604} = {907914CC-D84D-4F11-8DB6-7CAD049305F5}
		{EB2D09ED-9483-4FBE-BE9F-EFD86CE65651} = {907914CC-D84D-4F11-8DB6-7CAD049305F5}
		{ABE89AEA-30DF-4573-86C0-228B12FBACA8} = {605EA6F9-19D6-43BA-BC7C-DDF255D295D8}
		{923444EF-8B57-4679-81F1-79A92A71BBA1} = {BADA351D-EF99-4B70-8D72-754554262FEB}
		{D9DFD401-C9CE-4F56-9E63-FC30B96E8F40} = {3FBD0C18-A610-42C9-856F-22210FAA0E2B}
		{FAF4EA74-DB43-4B0D-9117-274964CB04FA} = {166D3293-858D-4DDA-8E2E-D40866969AC9}
		{142E029C-64EA-4972-957E-89A9F378CC79} = {166D3293-858D-4DDA-8E2E-D40866969AC9}
	EndGlobalSection
	GlobalSection(ExtensibilityGlobals) = postSolution
		SolutionGuid = {3F267E5D-0E3E-4AD3-A33A-27D6D658BB1F}
	EndGlobalSection
EndGlobal
