
Microsoft Visual Studio Solution File, Format Version 12.00
# Visual Studio 14
VisualStudioVersion = 14.0.24720.0
MinimumVisualStudioVersion = 10.0.40219.1
Project("{2150E333-8FDC-42A3-9474-1A3956D46DE8}") = "PublicSystem", "PublicSystem", "{7A7C0DE4-8F51-4FB3-BD90-798B925739B3}"
EndProject
Project("{2150E333-8FDC-42A3-9474-1A3956D46DE8}") = "Data", "Data", "{8D7CD392-A78D-4BB3-9CB7-F348787E0F8B}"
	ProjectSection(SolutionItems) = preProject
		Data\Readme.txt = Data\Readme.txt
	EndProjectSection
EndProject
Project("{2150E333-8FDC-42A3-9474-1A3956D46DE8}") = "Backend", "Backend", "{2A1E9469-111C-43A6-9294-B505A32AFB4A}"
	ProjectSection(SolutionItems) = preProject
		PublicSystem\Backend\README.txt = PublicSystem\Backend\README.txt
	EndProjectSection
EndProject
Project("{2150E333-8FDC-42A3-9474-1A3956D46DE8}") = "Client", "Client", "{116FC8D2-6465-4929-B3E7-23E443E82ECA}"
	ProjectSection(SolutionItems) = preProject
		PublicSystem\Client\Readme.txt = PublicSystem\Client\Readme.txt
	EndProjectSection
EndProject
Project("{2150E333-8FDC-42A3-9474-1A3956D46DE8}") = "Server", "Server", "{D5775C0E-970A-4DD1-B7D5-7B947F6BE7D7}"
	ProjectSection(SolutionItems) = preProject
		PublicSystem\Server\Readme.txt = PublicSystem\Server\Readme.txt
	EndProjectSection
EndProject
Project("{FAE04EC0-301F-11D3-BF4B-00C04F79EFBC}") = "DbAccess", "PublicSystem\Backend\DbAccess\DbAccess.csproj", "{E107EACA-31D0-41FA-BB6A-AF1BC66C907D}"
EndProject
Project("{FAE04EC0-301F-11D3-BF4B-00C04F79EFBC}") = "DbAccess_Tests", "PublicSystem\Backend\DbAccess_Tests\DbAccess_Tests.csproj", "{8F828C54-D08C-4086-833D-6794115C24AD}"
EndProject
Project("{FAE04EC0-301F-11D3-BF4B-00C04F79EFBC}") = "ReadTranscript", "PublicSystem\Backend\ReadTranscript\ReadTranscript.csproj", "{3A7C42EF-1985-4E5B-99A5-0B1DE5CE146F}"
EndProject
Project("{FAE04EC0-301F-11D3-BF4B-00C04F79EFBC}") = "ReadTranscript_Tests", "PublicSystem\Backend\ReadTranscript_Tests\ReadTranscript_Tests.csproj", "{D1C0CCDD-73A2-4FAF-A176-A8A4C180C0F3}"
EndProject
Project("{FAE04EC0-301F-11D3-BF4B-00C04F79EFBC}") = "BrowserApp", "PublicSystem\Client\BrowserApp\BrowserApp.csproj", "{2BB07D18-89AE-40FD-BD40-7EA1EBD1EC6A}"
EndProject
Project("{FAE04EC0-301F-11D3-BF4B-00C04F79EFBC}") = "BrowserApp_Tests", "PublicSystem\Client\BrowserApp_Tests\BrowserApp_Tests.csproj", "{95E42BFF-6DE2-472E-8C23-823EAA864FD3}"
EndProject
Project("{FAE04EC0-301F-11D3-BF4B-00C04F79EFBC}") = "Model", "PublicSystem\Backend\Model\Model.csproj", "{13C4BE35-0179-4152-AD99-3F136AEB7E0D}"
EndProject
Project("{FAE04EC0-301F-11D3-BF4B-00C04F79EFBC}") = "LoadTranscriptIntoDb", "PublicSystem\Backend\LoadTranscriptIntoDb\LoadTranscriptIntoDb.csproj", "{57F83092-01E7-4C2B-86E8-1789F093F8E5}"
EndProject
Project("{FAE04EC0-301F-11D3-BF4B-00C04F79EFBC}") = "LoadTranscriptIntoDb_Tests", "PublicSystem\Backend\LoadTranscriptIntoDb_Tests\LoadTranscriptIntoDb_Tests.csproj", "{433C928C-A2C5-43B3-8CC2-580109C2F124}"
EndProject
Project("{2150E333-8FDC-42A3-9474-1A3956D46DE8}") = "VolunteerSystem", "VolunteerSystem", "{407F9109-AF3B-49CE-BBFE-57FF72E2F2B2}"
EndProject
Project("{2150E333-8FDC-42A3-9474-1A3956D46DE8}") = "PreProcessTranscripts", "PreProcessTranscripts", "{1A11AE01-0F7E-4FF8-97A4-22E92A67D698}"
	ProjectSection(SolutionItems) = preProject
		VolunteerSystem\PreProcessTranscripts\Readme.txt = VolunteerSystem\PreProcessTranscripts\Readme.txt
	EndProjectSection
EndProject
Project("{FAE04EC0-301F-11D3-BF4B-00C04F79EFBC}") = "ProcessAllTranscripts", "VolunteerSystem\PreProcessTranscripts\ProcessAllTranscripts\ProcessAllTranscripts.csproj", "{3495C197-D9BF-4CA9-9A19-B60B274C4760}"
EndProject
Project("{FAE04EC0-301F-11D3-BF4B-00C04F79EFBC}") = "ProcessTranscript", "VolunteerSystem\PreProcessTranscripts\ProcessTranscript\ProcessTranscript.csproj", "{6B3A920B-38A0-4D1D-9B3F-8B0DD0C1E148}"
EndProject
Project("{2150E333-8FDC-42A3-9474-1A3956D46DE8}") = "Solution Items", "Solution Items", "{C3C94076-0FE6-4B11-9132-7FBBB80CC278}"
	ProjectSection(SolutionItems) = preProject
		.gitattributes = .gitattributes
		.gitignore = .gitignore
		LICENSE = LICENSE
		README.md = README.md
	EndProjectSection
EndProject
Project("{2150E333-8FDC-42A3-9474-1A3956D46DE8}") = "testdata", "testdata", "{A28B572E-3B96-4BFD-ABE3-3030B811A728}"
	ProjectSection(SolutionItems) = preProject
		VolunteerSystem\PreProcessTranscripts\testdata\Readme.txt = VolunteerSystem\PreProcessTranscripts\testdata\Readme.txt
	EndProjectSection
EndProject
Global
	GlobalSection(SolutionConfigurationPlatforms) = preSolution
		Debug|Any CPU = Debug|Any CPU
		Release|Any CPU = Release|Any CPU
	EndGlobalSection
	GlobalSection(ProjectConfigurationPlatforms) = postSolution
		{E107EACA-31D0-41FA-BB6A-AF1BC66C907D}.Debug|Any CPU.ActiveCfg = Debug|Any CPU
		{E107EACA-31D0-41FA-BB6A-AF1BC66C907D}.Debug|Any CPU.Build.0 = Debug|Any CPU
		{E107EACA-31D0-41FA-BB6A-AF1BC66C907D}.Release|Any CPU.ActiveCfg = Release|Any CPU
		{E107EACA-31D0-41FA-BB6A-AF1BC66C907D}.Release|Any CPU.Build.0 = Release|Any CPU
		{8F828C54-D08C-4086-833D-6794115C24AD}.Debug|Any CPU.ActiveCfg = Debug|Any CPU
		{8F828C54-D08C-4086-833D-6794115C24AD}.Debug|Any CPU.Build.0 = Debug|Any CPU
		{8F828C54-D08C-4086-833D-6794115C24AD}.Release|Any CPU.ActiveCfg = Release|Any CPU
		{8F828C54-D08C-4086-833D-6794115C24AD}.Release|Any CPU.Build.0 = Release|Any CPU
		{3A7C42EF-1985-4E5B-99A5-0B1DE5CE146F}.Debug|Any CPU.ActiveCfg = Debug|Any CPU
		{3A7C42EF-1985-4E5B-99A5-0B1DE5CE146F}.Debug|Any CPU.Build.0 = Debug|Any CPU
		{3A7C42EF-1985-4E5B-99A5-0B1DE5CE146F}.Release|Any CPU.ActiveCfg = Release|Any CPU
		{3A7C42EF-1985-4E5B-99A5-0B1DE5CE146F}.Release|Any CPU.Build.0 = Release|Any CPU
		{D1C0CCDD-73A2-4FAF-A176-A8A4C180C0F3}.Debug|Any CPU.ActiveCfg = Debug|Any CPU
		{D1C0CCDD-73A2-4FAF-A176-A8A4C180C0F3}.Debug|Any CPU.Build.0 = Debug|Any CPU
		{D1C0CCDD-73A2-4FAF-A176-A8A4C180C0F3}.Release|Any CPU.ActiveCfg = Release|Any CPU
		{D1C0CCDD-73A2-4FAF-A176-A8A4C180C0F3}.Release|Any CPU.Build.0 = Release|Any CPU
		{2BB07D18-89AE-40FD-BD40-7EA1EBD1EC6A}.Debug|Any CPU.ActiveCfg = Debug|Any CPU
		{2BB07D18-89AE-40FD-BD40-7EA1EBD1EC6A}.Debug|Any CPU.Build.0 = Debug|Any CPU
		{2BB07D18-89AE-40FD-BD40-7EA1EBD1EC6A}.Release|Any CPU.ActiveCfg = Release|Any CPU
		{2BB07D18-89AE-40FD-BD40-7EA1EBD1EC6A}.Release|Any CPU.Build.0 = Release|Any CPU
		{95E42BFF-6DE2-472E-8C23-823EAA864FD3}.Debug|Any CPU.ActiveCfg = Debug|Any CPU
		{95E42BFF-6DE2-472E-8C23-823EAA864FD3}.Debug|Any CPU.Build.0 = Debug|Any CPU
		{95E42BFF-6DE2-472E-8C23-823EAA864FD3}.Release|Any CPU.ActiveCfg = Release|Any CPU
		{95E42BFF-6DE2-472E-8C23-823EAA864FD3}.Release|Any CPU.Build.0 = Release|Any CPU
		{13C4BE35-0179-4152-AD99-3F136AEB7E0D}.Debug|Any CPU.ActiveCfg = Debug|Any CPU
		{13C4BE35-0179-4152-AD99-3F136AEB7E0D}.Debug|Any CPU.Build.0 = Debug|Any CPU
		{13C4BE35-0179-4152-AD99-3F136AEB7E0D}.Release|Any CPU.ActiveCfg = Release|Any CPU
		{13C4BE35-0179-4152-AD99-3F136AEB7E0D}.Release|Any CPU.Build.0 = Release|Any CPU
		{57F83092-01E7-4C2B-86E8-1789F093F8E5}.Debug|Any CPU.ActiveCfg = Debug|Any CPU
		{57F83092-01E7-4C2B-86E8-1789F093F8E5}.Debug|Any CPU.Build.0 = Debug|Any CPU
		{57F83092-01E7-4C2B-86E8-1789F093F8E5}.Release|Any CPU.ActiveCfg = Release|Any CPU
		{57F83092-01E7-4C2B-86E8-1789F093F8E5}.Release|Any CPU.Build.0 = Release|Any CPU
		{433C928C-A2C5-43B3-8CC2-580109C2F124}.Debug|Any CPU.ActiveCfg = Debug|Any CPU
		{433C928C-A2C5-43B3-8CC2-580109C2F124}.Debug|Any CPU.Build.0 = Debug|Any CPU
		{433C928C-A2C5-43B3-8CC2-580109C2F124}.Release|Any CPU.ActiveCfg = Release|Any CPU
		{433C928C-A2C5-43B3-8CC2-580109C2F124}.Release|Any CPU.Build.0 = Release|Any CPU
		{3495C197-D9BF-4CA9-9A19-B60B274C4760}.Debug|Any CPU.ActiveCfg = Debug|Any CPU
		{3495C197-D9BF-4CA9-9A19-B60B274C4760}.Debug|Any CPU.Build.0 = Debug|Any CPU
		{3495C197-D9BF-4CA9-9A19-B60B274C4760}.Release|Any CPU.ActiveCfg = Release|Any CPU
		{3495C197-D9BF-4CA9-9A19-B60B274C4760}.Release|Any CPU.Build.0 = Release|Any CPU
		{6B3A920B-38A0-4D1D-9B3F-8B0DD0C1E148}.Debug|Any CPU.ActiveCfg = Debug|Any CPU
		{6B3A920B-38A0-4D1D-9B3F-8B0DD0C1E148}.Debug|Any CPU.Build.0 = Debug|Any CPU
		{6B3A920B-38A0-4D1D-9B3F-8B0DD0C1E148}.Release|Any CPU.ActiveCfg = Release|Any CPU
		{6B3A920B-38A0-4D1D-9B3F-8B0DD0C1E148}.Release|Any CPU.Build.0 = Release|Any CPU
	EndGlobalSection
	GlobalSection(SolutionProperties) = preSolution
		HideSolutionNode = FALSE
	EndGlobalSection
	GlobalSection(NestedProjects) = preSolution
		{2A1E9469-111C-43A6-9294-B505A32AFB4A} = {7A7C0DE4-8F51-4FB3-BD90-798B925739B3}
		{116FC8D2-6465-4929-B3E7-23E443E82ECA} = {7A7C0DE4-8F51-4FB3-BD90-798B925739B3}
		{D5775C0E-970A-4DD1-B7D5-7B947F6BE7D7} = {7A7C0DE4-8F51-4FB3-BD90-798B925739B3}
		{E107EACA-31D0-41FA-BB6A-AF1BC66C907D} = {2A1E9469-111C-43A6-9294-B505A32AFB4A}
		{8F828C54-D08C-4086-833D-6794115C24AD} = {2A1E9469-111C-43A6-9294-B505A32AFB4A}
		{3A7C42EF-1985-4E5B-99A5-0B1DE5CE146F} = {2A1E9469-111C-43A6-9294-B505A32AFB4A}
		{D1C0CCDD-73A2-4FAF-A176-A8A4C180C0F3} = {2A1E9469-111C-43A6-9294-B505A32AFB4A}
		{2BB07D18-89AE-40FD-BD40-7EA1EBD1EC6A} = {116FC8D2-6465-4929-B3E7-23E443E82ECA}
		{95E42BFF-6DE2-472E-8C23-823EAA864FD3} = {116FC8D2-6465-4929-B3E7-23E443E82ECA}
		{13C4BE35-0179-4152-AD99-3F136AEB7E0D} = {2A1E9469-111C-43A6-9294-B505A32AFB4A}
		{57F83092-01E7-4C2B-86E8-1789F093F8E5} = {2A1E9469-111C-43A6-9294-B505A32AFB4A}
		{433C928C-A2C5-43B3-8CC2-580109C2F124} = {2A1E9469-111C-43A6-9294-B505A32AFB4A}
		{1A11AE01-0F7E-4FF8-97A4-22E92A67D698} = {407F9109-AF3B-49CE-BBFE-57FF72E2F2B2}
		{3495C197-D9BF-4CA9-9A19-B60B274C4760} = {1A11AE01-0F7E-4FF8-97A4-22E92A67D698}
		{6B3A920B-38A0-4D1D-9B3F-8B0DD0C1E148} = {1A11AE01-0F7E-4FF8-97A4-22E92A67D698}
		{A28B572E-3B96-4BFD-ABE3-3030B811A728} = {1A11AE01-0F7E-4FF8-97A4-22E92A67D698}
	EndGlobalSection
EndGlobal
