
Microsoft Visual Studio Solution File, Format Version 12.00
# Visual Studio 15
VisualStudioVersion = 15.0.27004.2005
MinimumVisualStudioVersion = 10.0.40219.1
Project("{9A19103F-16F7-4668-BE54-9A1E7A4F7556}") = "WebAppSpaTemplate", "WebAppSpaTemplate.csproj", "{C602F526-DDFA-4203-B84B-87B560758D37}"
EndProject
Global
	GlobalSection(SolutionConfigurationPlatforms) = preSolution
		Debug|Any CPU = Debug|Any CPU
		Release|Any CPU = Release|Any CPU
	EndGlobalSection
	GlobalSection(ProjectConfigurationPlatforms) = postSolution
		{C602F526-DDFA-4203-B84B-87B560758D37}.Debug|Any CPU.ActiveCfg = Debug|Any CPU
		{C602F526-DDFA-4203-B84B-87B560758D37}.Debug|Any CPU.Build.0 = Debug|Any CPU
		{C602F526-DDFA-4203-B84B-87B560758D37}.Release|Any CPU.ActiveCfg = Release|Any CPU
		{C602F526-DDFA-4203-B84B-87B560758D37}.Release|Any CPU.Build.0 = Release|Any CPU
	EndGlobalSection
	GlobalSection(SolutionProperties) = preSolution
		HideSolutionNode = FALSE
	EndGlobalSection
	GlobalSection(ExtensibilityGlobals) = postSolution
		SolutionGuid = {875CB70F-583F-463D-976F-D57E790BFF4B}
	EndGlobalSection
EndGlobal
