
Microsoft Visual Studio Solution File, Format Version 12.00
# Visual Studio 14
VisualStudioVersion = 14.0.25420.1
MinimumVisualStudioVersion = 10.0.40219.1
Project("{8BB2217D-0F2D-49D1-97BC-3654ED321F3B}") = "WebApp", "WebApp.xproj", "{143C463E-3022-4D08-94C2-AD23C19AD4C3}"
EndProject
Project("{E24C65DC-7377-472B-9ABA-BC803B73C61A}") = "BrowserApp", "..\..\Client\BrowserApp\", "{5A7A0A4D-DA39-4153-966B-8892173E4265}"
	ProjectSection(WebsiteProperties) = preProject
		TargetFrameworkMoniker = ".NETFramework,Version%3Dv4.0"
		Debug.AspNetCompiler.VirtualPath = "/localhost_50792"
		Debug.AspNetCompiler.PhysicalPath = "..\..\Client\BrowserApp\"
		Debug.AspNetCompiler.TargetPath = "PrecompiledWeb\localhost_50792\"
		Debug.AspNetCompiler.Updateable = "true"
		Debug.AspNetCompiler.ForceOverwrite = "true"
		Debug.AspNetCompiler.FixedNames = "false"
		Debug.AspNetCompiler.Debug = "True"
		Release.AspNetCompiler.VirtualPath = "/localhost_50792"
		Release.AspNetCompiler.PhysicalPath = "..\..\Client\BrowserApp\"
		Release.AspNetCompiler.TargetPath = "PrecompiledWeb\localhost_50792\"
		Release.AspNetCompiler.Updateable = "true"
		Release.AspNetCompiler.ForceOverwrite = "true"
		Release.AspNetCompiler.FixedNames = "false"
		Release.AspNetCompiler.Debug = "False"
		VWDPort = "50792"
		SlnRelativePath = "..\..\Client\BrowserApp\"
	EndProjectSection
EndProject
Project("{8BB2217D-0F2D-49D1-97BC-3654ED321F3B}") = "WebAppCore", "..\WebAppCore\WebAppCore.xproj", "{53196CD4-CE51-4EC9-8E96-118BAA441A71}"
EndProject
Project("{2150E333-8FDC-42A3-9474-1A3956D46DE8}") = "Solution Items", "Solution Items", "{F6B21076-98D1-4F7B-B078-D54A15A9D0F1}"
	ProjectSection(SolutionItems) = preProject
		Notes.txt = Notes.txt
	EndProjectSection
EndProject
Project("{8BB2217D-0F2D-49D1-97BC-3654ED321F3B}") = "WebAppCoreBare", "..\WebAppCoreBare\WebAppCoreBare.xproj", "{D4EF4ABF-B03A-4780-B33C-F221ECEEAC4C}"
EndProject
Global
	GlobalSection(SolutionConfigurationPlatforms) = preSolution
		Debug|Any CPU = Debug|Any CPU
		Release|Any CPU = Release|Any CPU
	EndGlobalSection
	GlobalSection(ProjectConfigurationPlatforms) = postSolution
		{143C463E-3022-4D08-94C2-AD23C19AD4C3}.Debug|Any CPU.ActiveCfg = Debug|Any CPU
		{143C463E-3022-4D08-94C2-AD23C19AD4C3}.Debug|Any CPU.Build.0 = Debug|Any CPU
		{143C463E-3022-4D08-94C2-AD23C19AD4C3}.Release|Any CPU.ActiveCfg = Release|Any CPU
		{143C463E-3022-4D08-94C2-AD23C19AD4C3}.Release|Any CPU.Build.0 = Release|Any CPU
		{5A7A0A4D-DA39-4153-966B-8892173E4265}.Debug|Any CPU.ActiveCfg = Debug|Any CPU
		{5A7A0A4D-DA39-4153-966B-8892173E4265}.Debug|Any CPU.Build.0 = Debug|Any CPU
		{5A7A0A4D-DA39-4153-966B-8892173E4265}.Release|Any CPU.ActiveCfg = Debug|Any CPU
		{5A7A0A4D-DA39-4153-966B-8892173E4265}.Release|Any CPU.Build.0 = Debug|Any CPU
		{53196CD4-CE51-4EC9-8E96-118BAA441A71}.Debug|Any CPU.ActiveCfg = Debug|Any CPU
		{53196CD4-CE51-4EC9-8E96-118BAA441A71}.Debug|Any CPU.Build.0 = Debug|Any CPU
		{53196CD4-CE51-4EC9-8E96-118BAA441A71}.Release|Any CPU.ActiveCfg = Release|Any CPU
		{53196CD4-CE51-4EC9-8E96-118BAA441A71}.Release|Any CPU.Build.0 = Release|Any CPU
		{D4EF4ABF-B03A-4780-B33C-F221ECEEAC4C}.Debug|Any CPU.ActiveCfg = Debug|Any CPU
		{D4EF4ABF-B03A-4780-B33C-F221ECEEAC4C}.Debug|Any CPU.Build.0 = Debug|Any CPU
		{D4EF4ABF-B03A-4780-B33C-F221ECEEAC4C}.Release|Any CPU.ActiveCfg = Release|Any CPU
		{D4EF4ABF-B03A-4780-B33C-F221ECEEAC4C}.Release|Any CPU.Build.0 = Release|Any CPU
	EndGlobalSection
	GlobalSection(SolutionProperties) = preSolution
		HideSolutionNode = FALSE
	EndGlobalSection
EndGlobal
